
Microsoft Visual Studio Solution File, Format Version 12.00
# Visual Studio Version 17
VisualStudioVersion = 17.8.34525.116
MinimumVisualStudioVersion = 10.0.40219.1
Project("{9A19103F-16F7-4668-BE54-9A1E7A4F7556}") = "TechnicalTestAPI", "TechnicalTestAPI\TechnicalTestAPI.csproj", "{FDD00BE8-5032-45C8-B3F6-8FD783E27396}"
EndProject
Project("{9A19103F-16F7-4668-BE54-9A1E7A4F7556}") = "TechnicalTestAPI.Test", "TechnicalTestAPI.Test\TechnicalTestAPI.Test.csproj", "{0F83E2B4-94C5-4FD7-9053-9BEA303A38FC}"
EndProject
Global
	GlobalSection(SolutionConfigurationPlatforms) = preSolution
		Debug|Any CPU = Debug|Any CPU
		Release|Any CPU = Release|Any CPU
	EndGlobalSection
	GlobalSection(ProjectConfigurationPlatforms) = postSolution
		{FDD00BE8-5032-45C8-B3F6-8FD783E27396}.Debug|Any CPU.ActiveCfg = Debug|Any CPU
		{FDD00BE8-5032-45C8-B3F6-8FD783E27396}.Debug|Any CPU.Build.0 = Debug|Any CPU
		{FDD00BE8-5032-45C8-B3F6-8FD783E27396}.Release|Any CPU.ActiveCfg = Release|Any CPU
		{FDD00BE8-5032-45C8-B3F6-8FD783E27396}.Release|Any CPU.Build.0 = Release|Any CPU
		{0F83E2B4-94C5-4FD7-9053-9BEA303A38FC}.Debug|Any CPU.ActiveCfg = Debug|Any CPU
		{0F83E2B4-94C5-4FD7-9053-9BEA303A38FC}.Debug|Any CPU.Build.0 = Debug|Any CPU
		{0F83E2B4-94C5-4FD7-9053-9BEA303A38FC}.Release|Any CPU.ActiveCfg = Release|Any CPU
		{0F83E2B4-94C5-4FD7-9053-9BEA303A38FC}.Release|Any CPU.Build.0 = Release|Any CPU
	EndGlobalSection
	GlobalSection(SolutionProperties) = preSolution
		HideSolutionNode = FALSE
	EndGlobalSection
	GlobalSection(ExtensibilityGlobals) = postSolution
		SolutionGuid = {A1A097E1-FC18-4B6E-A3D1-911DCBF6E309}
	EndGlobalSection
EndGlobal
